<?xml version="1.0" encoding="utf-8"?>
<Project ToolsVersion="4.0" xmlns="http://schemas.microsoft.com/developer/msbuild/2003">
  <ItemGroup>
    <Filter Include="Source Files">
      <UniqueIdentifier>{4FC737F1-C7A5-4376-A066-2A32D752A2FF}</UniqueIdentifier>
      <Extensions>cpp;c;cc;cxx;c++;cppm;ixx;def;odl;idl;hpj;bat;asm;asmx</Extensions>
    </Filter>
    <Filter Include="Header Files">
      <UniqueIdentifier>{93995380-89BD-4b04-88EB-625FBE52EBFB}</UniqueIdentifier>
      <Extensions>h;hh;hpp;hxx;h++;hm;inl;inc;ipp;xsd</Extensions>
    </Filter>
    <Filter Include="Resource Files">
      <UniqueIdentifier>{67DA6AB6-F800-4c08-8B7A-83BB121AAD01}</UniqueIdentifier>
      <Extensions>rc;ico;cur;bmp;dlg;rc2;rct;bin;rgs;gif;jpg;jpeg;jpe;resx;tiff;tif;png;wav;mfcribbon-ms</Extensions>
    </Filter>
    <Filter Include="SpaceGame">
      <UniqueIdentifier>{7fdbdebe-f8e6-4b05-b245-028c2ec439e7}</UniqueIdentifier>
    </Filter>
    <Filter Include="SpriteGame">
      <UniqueIdentifier>{7733a109-795d-4328-809a-db2b973619ee}</UniqueIdentifier>
    </Filter>
    <Filter Include="SpriteGame\Assets">
      <UniqueIdentifier>{f9a79157-92cf-45fd-b96c-24ad84e3cfce}</UniqueIdentifier>
    </Filter>
    <Filter Include="SpaceGame\Assets">
      <UniqueIdentifier>{5ccf6bc9-6d35-463c-a6ef-8af00f97d216}</UniqueIdentifier>
    </Filter>
    <Filter Include="SpriteGame\Assets\scene">
      <UniqueIdentifier>{f56b3c5f-e5ce-47d9-974d-5c6ef384b022}</UniqueIdentifier>
    </Filter>
    <Filter Include="SpriteGame\Assets\animations">
      <UniqueIdentifier>{46a3e829-e080-418c-9178-63b7cea12990}</UniqueIdentifier>
    </Filter>
    <Filter Include="SpriteGame\Assets\tilemaps">
      <UniqueIdentifier>{37e64a84-0ddb-4c6d-b72f-87b7e3887729}</UniqueIdentifier>
    </Filter>
    <Filter Include="SpaceGame\Assets\scene">
      <UniqueIdentifier>{5fc4ad83-5d6c-4112-9061-df7886da2e57}</UniqueIdentifier>
    </Filter>
    <Filter Include="SpaceGame\Assets\aniamtions">
      <UniqueIdentifier>{ffbe3d60-319d-4a7d-afd2-d8aa4cfc28cb}</UniqueIdentifier>
    </Filter>
    <Filter Include="SpaceGame\Assets\tilemaps">
      <UniqueIdentifier>{c8972d6d-c54d-4a3c-83f0-57aba0e0f9f4}</UniqueIdentifier>
    </Filter>
  </ItemGroup>
  <ItemGroup>
    <ClCompile Include="Main.cpp" />
    <ClCompile Include="SpaceGame\Player.cpp">
      <Filter>SpaceGame</Filter>
    </ClCompile>
    <ClCompile Include="SpaceGame\SpaceGame.cpp">
      <Filter>SpaceGame</Filter>
    </ClCompile>
    <ClCompile Include="SpaceGame\Assets.cpp">
      <Filter>SpaceGame</Filter>
    </ClCompile>
    <ClCompile Include="SpaceGame\Bullet.cpp">
      <Filter>SpaceGame</Filter>
    </ClCompile>
    <ClCompile Include="SpaceGame\Enemy.cpp">
      <Filter>SpaceGame</Filter>
    </ClCompile>
    <ClCompile Include="SpriteGame\SpriteGame.cpp">
      <Filter>SpriteGame</Filter>
    </ClCompile>
    <ClCompile Include="SpriteGame\PlayerController.cpp">
      <Filter>SpriteGame</Filter>
    </ClCompile>
    <ClCompile Include="SpriteGame\EnemyController.cpp">
      <Filter>SpriteGame</Filter>
    </ClCompile>
    <ClCompile Include="SpriteGame\FlyingEnemyController.cpp">
      <Filter>SpriteGame</Filter>
    </ClCompile>
    <ClCompile Include="SpriteGame\CharacterBase.cpp">
      <Filter>SpriteGame</Filter>
    </ClCompile>
    <ClCompile Include="SpriteGame\Damager.cpp">
      <Filter>SpriteGame</Filter>
    </ClCompile>
  </ItemGroup>
  <ItemGroup>
    <ClInclude Include="SpaceGame\Player.h">
      <Filter>SpaceGame</Filter>
    </ClInclude>
    <ClInclude Include="SpaceGame\SpaceGame.h">
      <Filter>SpaceGame</Filter>
    </ClInclude>
    <ClInclude Include="SpaceGame\Assets.h">
      <Filter>SpaceGame</Filter>
    </ClInclude>
    <ClInclude Include="SpaceGame\Bullet.h">
      <Filter>SpaceGame</Filter>
    </ClInclude>
    <ClInclude Include="SpaceGame\Enemy.h">
      <Filter>SpaceGame</Filter>
    </ClInclude>
    <ClInclude Include="SpriteGame\SpriteGame.h">
      <Filter>SpriteGame</Filter>
    </ClInclude>
    <ClInclude Include="SpriteGame\EnemyController.h">
      <Filter>SpriteGame</Filter>
    </ClInclude>
    <ClInclude Include="SpriteGame\PlayerController.h">
      <Filter>SpriteGame</Filter>
    </ClInclude>
    <ClInclude Include="SpriteGame\FlyingEnemyController.h">
      <Filter>SpriteGame</Filter>
    </ClInclude>
    <ClInclude Include="SpriteGame\CharacterBase.h">
      <Filter>SpriteGame</Filter>
    </ClInclude>
    <ClInclude Include="SpriteGame\Damager.h">
      <Filter>SpriteGame</Filter>
    </ClInclude>
  </ItemGroup>
  <ItemGroup>
    <None Include="..\Build\Assets\SpaceGame\Tilemaps\world.json">
      <Filter>SpaceGame\Assets\tilemaps</Filter>
    </None>
    <None Include="..\Build\Assets\SpaceGame\Data\scene.json">
      <Filter>SpaceGame\Assets\scene</Filter>
    </None>
    <None Include="..\Build\Assets\SpaceGame\Animations\bat_idle.json">
      <Filter>SpaceGame\Assets\aniamtions</Filter>
    </None>
    <None Include="..\Build\Assets\SpriteGame\Tilemaps\world.json">
      <Filter>SpriteGame\Assets\tilemaps</Filter>
    </None>
    <None Include="..\Build\Assets\SpriteGame\Animations\bat_idle.json">
      <Filter>SpriteGame\Assets\animations</Filter>
    </None>
    <None Include="..\Build\Assets\SpriteGame\Data\scene.json">
      <Filter>SpriteGame\Assets\scene</Filter>
    </None>
    <None Include="..\Build\Assets\SpriteGame\Data\level.json">
      <Filter>SpriteGame\Assets\scene</Filter>
    </None>
    <None Include="..\Build\Assets\SpriteGame\Animations\eye_hit.json">
      <Filter>SpriteGame\Assets\animations</Filter>
    </None>
    <None Include="..\Build\Assets\SpriteGame\Animations\eye_idle.json">
      <Filter>SpriteGame\Assets\animations</Filter>
    </None>
    <None Include="..\Build\Assets\SpriteGame\Animations\hero_attack.json">
      <Filter>SpriteGame\Assets\animations</Filter>
    </None>
    <None Include="..\Build\Assets\SpriteGame\Animations\hero_death.json">
      <Filter>SpriteGame\Assets\animations</Filter>
    </None>
    <None Include="..\Build\Assets\SpriteGame\Animations\hero_idle.json">
      <Filter>SpriteGame\Assets\animations</Filter>
    </None>
    <None Include="..\Build\Assets\SpriteGame\Animations\hero_jump.json">
      <Filter>SpriteGame\Assets\animations</Filter>
    </None>
    <None Include="..\Build\Assets\SpriteGame\Animations\hero_run.json">
      <Filter>SpriteGame\Assets\animations</Filter>
    </None>
    <None Include="..\Build\Assets\SpriteGame\Animations\enemy_attack.json">
      <Filter>SpriteGame\Assets\animations</Filter>
    </None>
    <None Include="..\Build\Assets\SpriteGame\Animations\enemy_hit.json">
      <Filter>SpriteGame\Assets\animations</Filter>
    </None>
    <None Include="..\Build\Assets\SpriteGame\Animations\enemy_idle.json">
      <Filter>SpriteGame\Assets\animations</Filter>
    </None>
    <None Include="..\Build\Assets\SpriteGame\Animations\enemy_run.json">
      <Filter>SpriteGame\Assets\animations</Filter>
    </None>
    <None Include="..\Build\Assets\SpriteGame\Animations\eye_attack.json">
      <Filter>SpriteGame\Assets\animations</Filter>
    </None>
  </ItemGroup>
</Project>